<Solution>
  <Configurations>
    <Platform Name="x64" />
    <BuildType Name="Debug" />
    <BuildType Name="Release" />
  </Configurations>
  <Project Path="native\pocketplus.vcxproj" Id="6f2e9c41-7b3a-4d5e-9a1c-1a2b3c4d5e6f" />
  <Project Path="python\pocketplus.tests.pyproj" Type="888888a0-9f3d-457c-b088-3a5042f75d52" Id="b11a7c22-9d3e-4f50-8a61-1122334455aa">
    <BuildDependency Project="native\pocketplus.vcxproj" />
    <Platform Project="AnyCPU" />
  </Project>
</Solution>
