# This file is automatically @generated by Cargo.
# It is not intended for manual editing.
version = 4

[[package]]
name = "ccsds124"
version = "1.0.0"

[[package]]
name = "pocketbench-adapter"
version = "0.1.0"

[[package]]
name = "reference-rust-adapter"
version = "0.1.0"
dependencies = [
 "ccsds124",
 "pocketbench-adapter",
]
