# This file is automatically @generated by Cargo.
# It is not intended for manual editing.
version = 4

[[package]]
name = "pocketbench-adapter"
version = "0.1.0"

[[package]]
name = "pocketrust"
version = "0.1.0"

[[package]]
name = "pocketrust-adapter"
version = "0.1.0"
dependencies = [
 "pocketbench-adapter",
 "pocketrust",
]
